
Microsoft Visual Studio Solution File, Format Version 12.00
# Visual Studio 15
VisualStudioVersion = 15.0.28307.572
MinimumVisualStudioVersion = 10.0.40219.1
Project("{FAE04EC0-301F-11D3-BF4B-00C04F79EFBC}") = "ToDoApp", "ToDoApp\ToDoApp.csproj", "{8204ABF6-E5CB-4C41-BEF5-E46DE714D1A5}"
EndProject
Global
	GlobalSection(SolutionConfigurationPlatforms) = preSolution
		Debug|Any CPU = Debug|Any CPU
		Release|Any CPU = Release|Any CPU
	EndGlobalSection
	GlobalSection(ProjectConfigurationPlatforms) = postSolution
		{8204ABF6-E5CB-4C41-BEF5-E46DE714D1A5}.Debug|Any CPU.ActiveCfg = Debug|Any CPU
		{8204ABF6-E5CB-4C41-BEF5-E46DE714D1A5}.Debug|Any CPU.Build.0 = Debug|Any CPU
		{8204ABF6-E5CB-4C41-BEF5-E46DE714D1A5}.Release|Any CPU.ActiveCfg = Release|Any CPU
		{8204ABF6-E5CB-4C41-BEF5-E46DE714D1A5}.Release|Any CPU.Build.0 = Release|Any CPU
	EndGlobalSection
	GlobalSection(SolutionProperties) = preSolution
		HideSolutionNode = FALSE
	EndGlobalSection
	GlobalSection(ExtensibilityGlobals) = postSolution
		SolutionGuid = {0F3481A8-9A2E-4661-8E83-3E0EF4C0AF65}
	EndGlobalSection
EndGlobal
